
Microsoft Visual Studio Solution File, Format Version 12.00
# Visual Studio Version 17
VisualStudioVersion = 17.6.33815.320
MinimumVisualStudioVersion = 10.0.40219.1
Project("{FAE04EC0-301F-11D3-BF4B-00C04F79EFBC}") = "Course2", "Course2\Course2.csproj", "{1BA56110-D840-407B-A73F-A131FCF8E5FD}"
EndProject
Global
	GlobalSection(SolutionConfigurationPlatforms) = preSolution
		Debug|Any CPU = Debug|Any CPU
		Release|Any CPU = Release|Any CPU
	EndGlobalSection
	GlobalSection(ProjectConfigurationPlatforms) = postSolution
		{1BA56110-D840-407B-A73F-A131FCF8E5FD}.Debug|Any CPU.ActiveCfg = Debug|Any CPU
		{1BA56110-D840-407B-A73F-A131FCF8E5FD}.Debug|Any CPU.Build.0 = Debug|Any CPU
		{1BA56110-D840-407B-A73F-A131FCF8E5FD}.Release|Any CPU.ActiveCfg = Release|Any CPU
		{1BA56110-D840-407B-A73F-A131FCF8E5FD}.Release|Any CPU.Build.0 = Release|Any CPU
	EndGlobalSection
	GlobalSection(SolutionProperties) = preSolution
		HideSolutionNode = FALSE
	EndGlobalSection
	GlobalSection(ExtensibilityGlobals) = postSolution
		SolutionGuid = {6A64D00C-911B-4230-8B1B-1A96FD004D35}
	EndGlobalSection
EndGlobal
